// !$*UTF8*$!
{
	archiveVersion = 1;
	classes = {
	};
	objectVersion = 50;
	objects = {

/* Begin PBXBuildFile section */
		911D6DAD22FEA31B0090E00C /* AppDelegate.swift in Sources */ = {isa = PBXBuildFile; fileRef = 911D6DAC22FEA31B0090E00C /* AppDelegate.swift */; };
		911D6DAF22FEA31B0090E00C /* ViewController.swift in Sources */ = {isa = PBXBuildFile; fileRef = 911D6DAE22FEA31B0090E00C /* ViewController.swift */; };
		911D6DB222FEA31B0090E00C /* Main.storyboard in Resources */ = {isa = PBXBuildFile; fileRef = 911D6DB022FEA31B0090E00C /* Main.storyboard */; };
		911D6DB422FEA31C0090E00C /* Assets.xcassets in Resources */ = {isa = PBXBuildFile; fileRef = 911D6DB322FEA31C0090E00C /* Assets.xcassets */; };
		911D6DB722FEA31C0090E00C /* LaunchScreen.storyboard in Resources */ = {isa = PBXBuildFile; fileRef = 911D6DB522FEA31C0090E00C /* LaunchScreen.storyboard */; };
		911D6DC222FEA31D0090E00C /* PetMeApp_MVF3Tests.swift in Sources */ = {isa = PBXBuildFile; fileRef = 911D6DC122FEA31D0090E00C /* PetMeApp_MVF3Tests.swift */; };
		911D6DCD22FEA31D0090E00C /* PetMeApp_MVF3UITests.swift in Sources */ = {isa = PBXBuildFile; fileRef = 911D6DCC22FEA31D0090E00C /* PetMeApp_MVF3UITests.swift */; };
/* End PBXBuildFile section */

/* Begin PBXContainerItemProxy section */
		911D6DBE22FEA31D0090E00C /* PBXContainerItemProxy */ = {
			isa = PBXContainerItemProxy;
			containerPortal = 911D6DA122FEA31B0090E00C /* Project object */;
			proxyType = 1;
			remoteGlobalIDString = 911D6DA822FEA31B0090E00C;
			remoteInfo = "PetMeApp-MVF3";
		};
		911D6DC922FEA31D0090E00C /* PBXContainerItemProxy */ = {
			isa = PBXContainerItemProxy;
			containerPortal = 911D6DA122FEA31B0090E00C /* Project object */;
			proxyType = 1;
			remoteGlobalIDString = 911D6DA822FEA31B0090E00C;
			remoteInfo = "PetMeApp-MVF3";
		};
/* End PBXContainerItemProxy section */

/* Begin PBXFileReference section */
		911D6DA922FEA31B0090E00C /* PetMeApp-MVF3.app */ = {isa = PBXFileReference; explicitFileType = wrapper.application; includeInIndex = 0; path = "PetMeApp-MVF3.app"; sourceTree = BUILT_PRODUCTS_DIR; };
		911D6DAC22FEA31B0090E00C /* AppDelegate.swift */ = {isa = PBXFileReference; lastKnownFileType = sourcecode.swift; path = AppDelegate.swift; sourceTree = "<group>"; };
		911D6DAE22FEA31B0090E00C /* ViewController.swift */ = {isa = PBXFileReference; lastKnownFileType = sourcecode.swift; path = ViewController.swift; sourceTree = "<group>"; };
		911D6DB122FEA31B0090E00C /* Base */ = {isa = PBXFileReference; lastKnownFileType = file.storyboard; name = Base; path = Base.lproj/Main.storyboard; sourceTree = "<group>"; };
		911D6DB322FEA31C0090E00C /* Assets.xcassets */ = {isa = PBXFileReference; lastKnownFileType = folder.assetcatalog; path = Assets.xcassets; sourceTree = "<group>"; };
		911D6DB622FEA31C0090E00C /* Base */ = {isa = PBXFileReference; lastKnownFileType = file.storyboard; name = Base; path = Base.lproj/LaunchScreen.storyboard; sourceTree = "<group>"; };
		911D6DB822FEA31C0090E00C /* Info.plist */ = {isa = PBXFileReference; lastKnownFileType = text.plist.xml; path = Info.plist; sourceTree = "<group>"; };
		911D6DBD22FEA31D0090E00C /* PetMeApp-MVF3Tests.xctest */ = {isa = PBXFileReference; explicitFileType = wrapper.cfbundle; includeInIndex = 0; path = "PetMeApp-MVF3Tests.xctest"; sourceTree = BUILT_PRODUCTS_DIR; };
		911D6DC122FEA31D0090E00C /* PetMeApp_MVF3Tests.swift */ = {isa = PBXFileReference; lastKnownFileType = sourcecode.swift; path = PetMeApp_MVF3Tests.swift; sourceTree = "<group>"; };
		911D6DC322FEA31D0090E00C /* Info.plist */ = {isa = PBXFileReference; lastKnownFileType = text.plist.xml; path = Info.plist; sourceTree = "<group>"; };
		911D6DC822FEA31D0090E00C /* PetMeApp-MVF3UITests.xctest */ = {isa = PBXFileReference; explicitFileType = wrapper.cfbundle; includeInIndex = 0; path = "PetMeApp-MVF3UITests.xctest"; sourceTree = BUILT_PRODUCTS_DIR; };
		911D6DCC22FEA31D0090E00C /* PetMeApp_MVF3UITests.swift */ = {isa = PBXFileReference; lastKnownFileType = sourcecode.swift; path = PetMeApp_MVF3UITests.swift; sourceTree = "<group>"; };
		911D6DCE22FEA31D0090E00C /* Info.plist */ = {isa = PBXFileReference; lastKnownFileType = text.plist.xml; path = Info.plist; sourceTree = "<group>"; };
/* End PBXFileReference section */

/* Begin PBXFrameworksBuildPhase section */
		911D6DA622FEA31B0090E00C /* Frameworks */ = {
			isa = PBXFrameworksBuildPhase;
			buildActionMask = 2147483647;
			files = (
			);
			runOnlyForDeploymentPostprocessing = 0;
		};
		911D6DBA22FEA31D0090E00C /* Frameworks */ = {
			isa = PBXFrameworksBuildPhase;
			buildActionMask = 2147483647;
			files = (
			);
			runOnlyForDeploymentPostprocessing = 0;
		};
		911D6DC522FEA31D0090E00C /* Frameworks */ = {
			isa = PBXFrameworksBuildPhase;
			buildActionMask = 2147483647;
			files = (
			);
			runOnlyForDeploymentPostprocessing = 0;
		};
/* End PBXFrameworksBuildPhase section */

/* Begin PBXGroup section */
		911D6DA022FEA31B0090E00C = {
			isa = PBXGroup;
			children = (
				911D6DAB22FEA31B0090E00C /* PetMeApp-MVF3 */,
				911D6DC022FEA31D0090E00C /* PetMeApp-MVF3Tests */,
				911D6DCB22FEA31D0090E00C /* PetMeApp-MVF3UITests */,
				911D6DAA22FEA31B0090E00C /* Products */,
			);
			sourceTree = "<group>";
		};
		911D6DAA22FEA31B0090E00C /* Products */ = {
			isa = PBXGroup;
			children = (
				911D6DA922FEA31B0090E00C /* PetMeApp-MVF3.app */,
				911D6DBD22FEA31D0090E00C /* PetMeApp-MVF3Tests.xctest */,
				911D6DC822FEA31D0090E00C /* PetMeApp-MVF3UITests.xctest */,
			);
			name = Products;
			sourceTree = "<group>";
		};
		911D6DAB22FEA31B0090E00C /* PetMeApp-MVF3 */ = {
			isa = PBXGroup;
			children = (
				911D6DAC22FEA31B0090E00C /* AppDelegate.swift */,
				911D6DAE22FEA31B0090E00C /* ViewController.swift */,
				911D6DB022FEA31B0090E00C /* Main.storyboard */,
				911D6DB322FEA31C0090E00C /* Assets.xcassets */,
				911D6DB522FEA31C0090E00C /* LaunchScreen.storyboard */,
				911D6DB822FEA31C0090E00C /* Info.plist */,
			);
			path = "PetMeApp-MVF3";
			sourceTree = "<group>";
		};
		911D6DC022FEA31D0090E00C /* PetMeApp-MVF3Tests */ = {
			isa = PBXGroup;
			children = (
				911D6DC122FEA31D0090E00C /* PetMeApp_MVF3Tests.swift */,
				911D6DC322FEA31D0090E00C /* Info.plist */,
			);
			path = "PetMeApp-MVF3Tests";
			sourceTree = "<group>";
		};
		911D6DCB22FEA31D0090E00C /* PetMeApp-MVF3UITests */ = {
			isa = PBXGroup;
			children = (
				911D6DCC22FEA31D0090E00C /* PetMeApp_MVF3UITests.swift */,
				911D6DCE22FEA31D0090E00C /* Info.plist */,
			);
			path = "PetMeApp-MVF3UITests";
			sourceTree = "<group>";
		};
/* End PBXGroup section */

/* Begin PBXNativeTarget section */
		911D6DA822FEA31B0090E00C /* PetMeApp-MVF3 */ = {
			isa = PBXNativeTarget;
			buildConfigurationList = 911D6DD122FEA31D0090E00C /* Build configuration list for PBXNativeTarget "PetMeApp-MVF3" */;
			buildPhases = (
				911D6DA522FEA31B0090E00C /* Sources */,
				911D6DA622FEA31B0090E00C /* Frameworks */,
				911D6DA722FEA31B0090E00C /* Resources */,
			);
			buildRules = (
			);
			dependencies = (
			);
			name = "PetMeApp-MVF3";
			productName = "PetMeApp-MVF3";
			productReference = 911D6DA922FEA31B0090E00C /* PetMeApp-MVF3.app */;
			productType = "com.apple.product-type.application";
		};
		911D6DBC22FEA31D0090E00C /* PetMeApp-MVF3Tests */ = {
			isa = PBXNativeTarget;
			buildConfigurationList = 911D6DD422FEA31D0090E00C /* Build configuration list for PBXNativeTarget "PetMeApp-MVF3Tests" */;
			buildPhases = (
				911D6DB922FEA31D0090E00C /* Sources */,
				911D6DBA22FEA31D0090E00C /* Frameworks */,
				911D6DBB22FEA31D0090E00C /* Resources */,
			);
			buildRules = (
			);
			dependencies = (
				911D6DBF22FEA31D0090E00C /* PBXTargetDependency */,
			);
			name = "PetMeApp-MVF3Tests";
			productName = "PetMeApp-MVF3Tests";
			productReference = 911D6DBD22FEA31D0090E00C /* PetMeApp-MVF3Tests.xctest */;
			productType = "com.apple.product-type.bundle.unit-test";
		};
		911D6DC722FEA31D0090E00C /* PetMeApp-MVF3UITests */ = {
			isa = PBXNativeTarget;
			buildConfigurationList = 911D6DD722FEA31D0090E00C /* Build configuration list for PBXNativeTarget "PetMeApp-MVF3UITests" */;
			buildPhases = (
				911D6DC422FEA31D0090E00C /* Sources */,
				911D6DC522FEA31D0090E00C /* Frameworks */,
				911D6DC622FEA31D0090E00C /* Resources */,
			);
			buildRules = (
			);
			dependencies = (
				911D6DCA22FEA31D0090E00C /* PBXTargetDependency */,
			);
			name = "PetMeApp-MVF3UITests";
			productName = "PetMeApp-MVF3UITests";
			productReference = 911D6DC822FEA31D0090E00C /* PetMeApp-MVF3UITests.xctest */;
			productType = "com.apple.product-type.bundle.ui-testing";
		};
/* End PBXNativeTarget section */

/* Begin PBXProject section */
		911D6DA122FEA31B0090E00C /* Project object */ = {
			isa = PBXProject;
			attributes = {
				LastSwiftUpdateCheck = 1030;
				LastUpgradeCheck = 1030;
				ORGANIZATIONNAME = IOSNewbies;
				TargetAttributes = {
					911D6DA822FEA31B0090E00C = {
						CreatedOnToolsVersion = 10.3;
					};
					911D6DBC22FEA31D0090E00C = {
						CreatedOnToolsVersion = 10.3;
						TestTargetID = 911D6DA822FEA31B0090E00C;
					};
					911D6DC722FEA31D0090E00C = {
						CreatedOnToolsVersion = 10.3;
						TestTargetID = 911D6DA822FEA31B0090E00C;
					};
				};
			};
			buildConfigurationList = 911D6DA422FEA31B0090E00C /* Build configuration list for PBXProject "PetMeApp-MVF3" */;
			compatibilityVersion = "Xcode 9.3";
			developmentRegion = en;
			hasScannedForEncodings = 0;
			knownRegions = (
				en,
				Base,
			);
			mainGroup = 911D6DA022FEA31B0090E00C;
			productRefGroup = 911D6DAA22FEA31B0090E00C /* Products */;
			projectDirPath = "";
			projectRoot = "";
			targets = (
				911D6DA822FEA31B0090E00C /* PetMeApp-MVF3 */,
				911D6DBC22FEA31D0090E00C /* PetMeApp-MVF3Tests */,
				911D6DC722FEA31D0090E00C /* PetMeApp-MVF3UITests */,
			);
		};
/* End PBXProject section */

/* Begin PBXResourcesBuildPhase section */
		911D6DA722FEA31B0090E00C /* Resources */ = {
			isa = PBXResourcesBuildPhase;
			buildActionMask = 2147483647;
			files = (
				911D6DB722FEA31C0090E00C /* LaunchScreen.storyboard in Resources */,
				911D6DB422FEA31C0090E00C /* Assets.xcassets in Resources */,
				911D6DB222FEA31B0090E00C /* Main.storyboard in Resources */,
			);
			runOnlyForDeploymentPostprocessing = 0;
		};
		911D6DBB22FEA31D0090E00C /* Resources */ = {
			isa = PBXResourcesBuildPhase;
			buildActionMask = 2147483647;
			files = (
			);
			runOnlyForDeploymentPostprocessing = 0;
		};
		911D6DC622FEA31D0090E00C /* Resources */ = {
			isa = PBXResourcesBuildPhase;
			buildActionMask = 2147483647;
			files = (
			);
			runOnlyForDeploymentPostprocessing = 0;
		};
/* End PBXResourcesBuildPhase section */

/* Begin PBXSourcesBuildPhase section */
		911D6DA522FEA31B0090E00C /* Sources */ = {
			isa = PBXSourcesBuildPhase;
			buildActionMask = 2147483647;
			files = (
				911D6DAF22FEA31B0090E00C /* ViewController.swift in Sources */,
				911D6DAD22FEA31B0090E00C /* AppDelegate.swift in Sources */,
			);
			runOnlyForDeploymentPostprocessing = 0;
		};
		911D6DB922FEA31D0090E00C /* Sources */ = {
			isa = PBXSourcesBuildPhase;
			buildActionMask = 2147483647;
			files = (
				911D6DC222FEA31D0090E00C /* PetMeApp_MVF3Tests.swift in Sources */,
			);
			runOnlyForDeploymentPostprocessing = 0;
		};
		911D6DC422FEA31D0090E00C /* Sources */ = {
			isa = PBXSourcesBuildPhase;
			buildActionMask = 2147483647;
			files = (
				911D6DCD22FEA31D0090E00C /* PetMeApp_MVF3UITests.swift in Sources */,
			);
			runOnlyForDeploymentPostprocessing = 0;
		};
/* End PBXSourcesBuildPhase section */

/* Begin PBXTargetDependency section */
		911D6DBF22FEA31D0090E00C /* PBXTargetDependency */ = {
			isa = PBXTargetDependency;
			target = 911D6DA822FEA31B0090E00C /* PetMeApp-MVF3 */;
			targetProxy = 911D6DBE22FEA31D0090E00C /* PBXContainerItemProxy */;
		};
		911D6DCA22FEA31D0090E00C /* PBXTargetDependency */ = {
			isa = PBXTargetDependency;
			target = 911D6DA822FEA31B0090E00C /* PetMeApp-MVF3 */;
			targetProxy = 911D6DC922FEA31D0090E00C /* PBXContainerItemProxy */;
		};
/* End PBXTargetDependency section */

/* Begin PBXVariantGroup section */
		911D6DB022FEA31B0090E00C /* Main.storyboard */ = {
			isa = PBXVariantGroup;
			children = (
				911D6DB122FEA31B0090E00C /* Base */,
			);
			name = Main.storyboard;
			sourceTree = "<group>";
		};
		911D6DB522FEA31C0090E00C /* LaunchScreen.storyboard */ = {
			isa = PBXVariantGroup;
			children = (
				911D6DB622FEA31C0090E00C /* Base */,
			);
			name = LaunchScreen.storyboard;
			sourceTree = "<group>";
		};
/* End PBXVariantGroup section */

/* Begin XCBuildConfiguration section */
		911D6DCF22FEA31D0090E00C /* Debug */ = {
			isa = XCBuildConfiguration;
			buildSettings = {
				ALWAYS_SEARCH_USER_PATHS = NO;
				CLANG_ANALYZER_NONNULL = YES;
				CLANG_ANALYZER_NUMBER_OBJECT_CONVERSION = YES_AGGRESSIVE;
				CLANG_CXX_LANGUAGE_STANDARD = "gnu++14";
				CLANG_CXX_LIBRARY = "libc++";
				CLANG_ENABLE_MODULES = YES;
				CLANG_ENABLE_OBJC_ARC = YES;
				CLANG_ENABLE_OBJC_WEAK = YES;
				CLANG_WARN_BLOCK_CAPTURE_AUTORELEASING = YES;
				CLANG_WARN_BOOL_CONVERSION = YES;
				CLANG_WARN_COMMA = YES;
				CLANG_WARN_CONSTANT_CONVERSION = YES;
				CLANG_WARN_DEPRECATED_OBJC_IMPLEMENTATIONS = YES;
				CLANG_WARN_DIRECT_OBJC_ISA_USAGE = YES_ERROR;
				CLANG_WARN_DOCUMENTATION_COMMENTS = YES;
				CLANG_WARN_EMPTY_BODY = YES;
				CLANG_WARN_ENUM_CONVERSION = YES;
				CLANG_WARN_INFINITE_RECURSION = YES;
				CLANG_WARN_INT_CONVERSION = YES;
				CLANG_WARN_NON_LITERAL_NULL_CONVERSION = YES;
				CLANG_WARN_OBJC_IMPLICIT_RETAIN_SELF = YES;
				CLANG_WARN_OBJC_LITERAL_CONVERSION = YES;
				CLANG_WARN_OBJC_ROOT_CLASS = YES_ERROR;
				CLANG_WARN_RANGE_LOOP_ANALYSIS = YES;
				CLANG_WARN_STRICT_PROTOTYPES = YES;
				CLANG_WARN_SUSPICIOUS_MOVE = YES;
				CLANG_WARN_UNGUARDED_AVAILABILITY = YES_AGGRESSIVE;
				CLANG_WARN_UNREACHABLE_CODE = YES;
				CLANG_WARN__DUPLICATE_METHOD_MATCH = YES;
				CODE_SIGN_IDENTITY = "iPhone Developer";
				COPY_PHASE_STRIP = NO;
				DEBUG_INFORMATION_FORMAT = dwarf;
				ENABLE_STRICT_OBJC_MSGSEND = YES;
				ENABLE_TESTABILITY = YES;
				GCC_C_LANGUAGE_STANDARD = gnu11;
				GCC_DYNAMIC_NO_PIC = NO;
				GCC_NO_COMMON_BLOCKS = YES;
				GCC_OPTIMIZATION_LEVEL = 0;
				GCC_PREPROCESSOR_DEFINITIONS = (
					"DEBUG=1",
					"$(inherited)",
				);
				GCC_WARN_64_TO_32_BIT_CONVERSION = YES;
				GCC_WARN_ABOUT_RETURN_TYPE = YES_ERROR;
				GCC_WARN_UNDECLARED_SELECTOR = YES;
				GCC_WARN_UNINITIALIZED_AUTOS = YES_AGGRESSIVE;
				GCC_WARN_UNUSED_FUNCTION = YES;
				GCC_WARN_UNUSED_VARIABLE = YES;
				IPHONEOS_DEPLOYMENT_TARGET = 12.4;
				MTL_ENABLE_DEBUG_INFO = INCLUDE_SOURCE;
				MTL_FAST_MATH = YES;
				ONLY_ACTIVE_ARCH = YES;
				SDKROOT = iphoneos;
				SWIFT_ACTIVE_COMPILATION_CONDITIONS = DEBUG;
				SWIFT_OPTIMIZATION_LEVEL = "-Onone";
			};
			name = Debug;
		};
		911D6DD022FEA31D0090E00C /* Release */ = {
			isa = XCBuildConfiguration;
			buildSettings = {
				ALWAYS_SEARCH_USER_PATHS = NO;
				CLANG_ANALYZER_NONNULL = YES;
				CLANG_ANALYZER_NUMBER_OBJECT_CONVERSION = YES_AGGRESSIVE;
				CLANG_CXX_LANGUAGE_STANDARD = "gnu++14";
				CLANG_CXX_LIBRARY = "libc++";
				CLANG_ENABLE_MODULES = YES;
				CLANG_ENABLE_OBJC_ARC = YES;
				CLANG_ENABLE_OBJC_WEAK = YES;
				CLANG_WARN_BLOCK_CAPTURE_AUTORELEASING = YES;
				CLANG_WARN_BOOL_CONVERSION = YES;
				CLANG_WARN_COMMA = YES;
				CLANG_WARN_CONSTANT_CONVERSION = YES;
				CLANG_WARN_DEPRECATED_OBJC_IMPLEMENTATIONS = YES;
				CLANG_WARN_DIRECT_OBJC_ISA_USAGE = YES_ERROR;
				CLANG_WARN_DOCUMENTATION_COMMENTS = YES;
				CLANG_WARN_EMPTY_BODY = YES;
				CLANG_WARN_ENUM_CONVERSION = YES;
				CLANG_WARN_INFINITE_RECURSION = YES;
				CLANG_WARN_INT_CONVERSION = YES;
				CLANG_WARN_NON_LITERAL_NULL_CONVERSION = YES;
				CLANG_WARN_OBJC_IMPLICIT_RETAIN_SELF = YES;
				CLANG_WARN_OBJC_LITERAL_CONVERSION = YES;
				CLANG_WARN_OBJC_ROOT_CLASS = YES_ERROR;
				CLANG_WARN_RANGE_LOOP_ANALYSIS = YES;
				CLANG_WARN_STRICT_PROTOTYPES = YES;
				CLANG_WARN_SUSPICIOUS_MOVE = YES;
				CLANG_WARN_UNGUARDED_AVAILABILITY = YES_AGGRESSIVE;
				CLANG_WARN_UNREACHABLE_CODE = YES;
				CLANG_WARN__DUPLICATE_METHOD_MATCH = YES;
				CODE_SIGN_IDENTITY = "iPhone Developer";
				COPY_PHASE_STRIP = NO;
				DEBUG_INFORMATION_FORMAT = "dwarf-with-dsym";
				ENABLE_NS_ASSERTIONS = NO;
				ENABLE_STRICT_OBJC_MSGSEND = YES;
				GCC_C_LANGUAGE_STANDARD = gnu11;
				GCC_NO_COMMON_BLOCKS = YES;
				GCC_WARN_64_TO_32_BIT_CONVERSION = YES;
				GCC_WARN_ABOUT_RETURN_TYPE = YES_ERROR;
				GCC_WARN_UNDECLARED_SELECTOR = YES;
				GCC_WARN_UNINITIALIZED_AUTOS = YES_AGGRESSIVE;
				GCC_WARN_UNUSED_FUNCTION = YES;
				GCC_WARN_UNUSED_VARIABLE = YES;
				IPHONEOS_DEPLOYMENT_TARGET = 12.4;
				MTL_ENABLE_DEBUG_INFO = NO;
				MTL_FAST_MATH = YES;
				SDKROOT = iphoneos;
				SWIFT_COMPILATION_MODE = wholemodule;
				SWIFT_OPTIMIZATION_LEVEL = "-O";
				VALIDATE_PRODUCT = YES;
			};
			name = Release;
		};
		911D6DD222FEA31D0090E00C /* Debug */ = {
			isa = XCBuildConfiguration;
			buildSettings = {
				ASSETCATALOG_COMPILER_APPICON_NAME = AppIcon;
				CODE_SIGN_STYLE = Automatic;
				INFOPLIST_FILE = "PetMeApp-MVF3/Info.plist";
				LD_RUNPATH_SEARCH_PATHS = (
					"$(inherited)",
					"@executable_path/Frameworks",
				);
				PRODUCT_BUNDLE_IDENTIFIER = "IOSNewbies.PetMeApp-MVF3";
				PRODUCT_NAME = "$(TARGET_NAME)";
				SWIFT_VERSION = 5.0;
				TARGETED_DEVICE_FAMILY = "1,2";
			};
			name = Debug;
		};
		911D6DD322FEA31D0090E00C /* Release */ = {
			isa = XCBuildConfiguration;
			buildSettings = {
				ASSETCATALOG_COMPILER_APPICON_NAME = AppIcon;
				CODE_SIGN_STYLE = Automatic;
				INFOPLIST_FILE = "PetMeApp-MVF3/Info.plist";
				LD_RUNPATH_SEARCH_PATHS = (
					"$(inherited)",
					"@executable_path/Frameworks",
				);
				PRODUCT_BUNDLE_IDENTIFIER = "IOSNewbies.PetMeApp-MVF3";
				PRODUCT_NAME = "$(TARGET_NAME)";
				SWIFT_VERSION = 5.0;
				TARGETED_DEVICE_FAMILY = "1,2";
			};
			name = Release;
		};
		911D6DD522FEA31D0090E00C /* Debug */ = {
			isa = XCBuildConfiguration;
			buildSettings = {
				ALWAYS_EMBED_SWIFT_STANDARD_LIBRARIES = YES;
				BUNDLE_LOADER = "$(TEST_HOST)";
				CODE_SIGN_STYLE = Automatic;
				INFOPLIST_FILE = "PetMeApp-MVF3Tests/Info.plist";
				LD_RUNPATH_SEARCH_PATHS = (
					"$(inherited)",
					"@executable_path/Frameworks",
					"@loader_path/Frameworks",
				);
				PRODUCT_BUNDLE_IDENTIFIER = "IOSNewbies.PetMeApp-MVF3Tests";
				PRODUCT_NAME = "$(TARGET_NAME)";
				SWIFT_VERSION = 5.0;
				TARGETED_DEVICE_FAMILY = "1,2";
				TEST_HOST = "$(BUILT_PRODUCTS_DIR)/PetMeApp-MVF3.app/PetMeApp-MVF3";
			};
			name = Debug;
		};
		911D6DD622FEA31D0090E00C /* Release */ = {
			isa = XCBuildConfiguration;
			buildSettings = {
				ALWAYS_EMBED_SWIFT_STANDARD_LIBRARIES = YES;
				BUNDLE_LOADER = "$(TEST_HOST)";
				CODE_SIGN_STYLE = Automatic;
				INFOPLIST_FILE = "PetMeApp-MVF3Tests/Info.plist";
				LD_RUNPATH_SEARCH_PATHS = (
					"$(inherited)",
					"@executable_path/Frameworks",
					"@loader_path/Frameworks",
				);
				PRODUCT_BUNDLE_IDENTIFIER = "IOSNewbies.PetMeApp-MVF3Tests";
				PRODUCT_NAME = "$(TARGET_NAME)";
				SWIFT_VERSION = 5.0;
				TARGETED_DEVICE_FAMILY = "1,2";
				TEST_HOST = "$(BUILT_PRODUCTS_DIR)/PetMeApp-MVF3.app/PetMeApp-MVF3";
			};
			name = Release;
		};
		911D6DD822FEA31D0090E00C /* Debug */ = {
			isa = XCBuildConfiguration;
			buildSettings = {
				ALWAYS_EMBED_SWIFT_STANDARD_LIBRARIES = YES;
				CODE_SIGN_STYLE = Automatic;
				INFOPLIST_FILE = "PetMeApp-MVF3UITests/Info.plist";
				LD_RUNPATH_SEARCH_PATHS = (
					"$(inherited)",
					"@executable_path/Frameworks",
					"@loader_path/Frameworks",
				);
				PRODUCT_BUNDLE_IDENTIFIER = "IOSNewbies.PetMeApp-MVF3UITests";
				PRODUCT_NAME = "$(TARGET_NAME)";
				SWIFT_VERSION = 5.0;
				TARGETED_DEVICE_FAMILY = "1,2";
				TEST_TARGET_NAME = "PetMeApp-MVF3";
			};
			name = Debug;
		};
		911D6DD922FEA31D0090E00C /* Release */ = {
			isa = XCBuildConfiguration;
			buildSettings = {
				ALWAYS_EMBED_SWIFT_STANDARD_LIBRARIES = YES;
				CODE_SIGN_STYLE = Automatic;
				INFOPLIST_FILE = "PetMeApp-MVF3UITests/Info.plist";
				LD_RUNPATH_SEARCH_PATHS = (
					"$(inherited)",
					"@executable_path/Frameworks",
					"@loader_path/Frameworks",
				);
				PRODUCT_BUNDLE_IDENTIFIER = "IOSNewbies.PetMeApp-MVF3UITests";
				PRODUCT_NAME = "$(TARGET_NAME)";
				SWIFT_VERSION = 5.0;
				TARGETED_DEVICE_FAMILY = "1,2";
				TEST_TARGET_NAME = "PetMeApp-MVF3";
			};
			name = Release;
		};
/* End XCBuildConfiguration section */

/* Begin XCConfigurationList section */
		911D6DA422FEA31B0090E00C /* Build configuration list for PBXProject "PetMeApp-MVF3" */ = {
			isa = XCConfigurationList;
			buildConfigurations = (
				911D6DCF22FEA31D0090E00C /* Debug */,
				911D6DD022FEA31D0090E00C /* Release */,
			);
			defaultConfigurationIsVisible = 0;
			defaultConfigurationName = Release;
		};
		911D6DD122FEA31D0090E00C /* Build configuration list for PBXNativeTarget "PetMeApp-MVF3" */ = {
			isa = XCConfigurationList;
			buildConfigurations = (
				911D6DD222FEA31D0090E00C /* Debug */,
				911D6DD322FEA31D0090E00C /* Release */,
			);
			defaultConfigurationIsVisible = 0;
			defaultConfigurationName = Release;
		};
		911D6DD422FEA31D0090E00C /* Build configuration list for PBXNativeTarget "PetMeApp-MVF3Tests" */ = {
			isa = XCConfigurationList;
			buildConfigurations = (
				911D6DD522FEA31D0090E00C /* Debug */,
				911D6DD622FEA31D0090E00C /* Release */,
			);
			defaultConfigurationIsVisible = 0;
			defaultConfigurationName = Release;
		};
		911D6DD722FEA31D0090E00C /* Build configuration list for PBXNativeTarget "PetMeApp-MVF3UITests" */ = {
			isa = XCConfigurationList;
			buildConfigurations = (
				911D6DD822FEA31D0090E00C /* Debug */,
				911D6DD922FEA31D0090E00C /* Release */,
			);
			defaultConfigurationIsVisible = 0;
			defaultConfigurationName = Release;
		};
/* End XCConfigurationList section */
	};
	rootObject = 911D6DA122FEA31B0090E00C /* Project object */;
}
